PODS:
  - BPStatusBarAlert (0.1.5)
  - DZNEmptyDataSet (1.8.1)
  - ReachabilitySwift (4.1.0)
  - Shimmer (1.0.2)

DEPENDENCIES:
  - BPStatusBarAlert
  - DZNEmptyDataSet
  - ReachabilitySwift
  - Shimmer

SPEC REPOS:
  https://github.com/cocoapods/specs.git:
    - BPStatusBarAlert
    - DZNEmptyDataSet
    - ReachabilitySwift
    - Shimmer

SPEC CHECKSUMS:
  BPStatusBarAlert: 0bc567e3a0f740189239f49c6c516bd61cb3c758
  DZNEmptyDataSet: 9525833b9e68ac21c30253e1d3d7076cc828eaa7
  ReachabilitySwift: 6849231cd4e06559f3b9ef4a97a0a0f96d41e09f
  Shimmer: c5374be1c2b0c9e292fb05b339a513cf291cac86

PODFILE CHECKSUM: d3c65b0eeb10542eb72dd33e20c126cabecbea51

COCOAPODS: 1.5.3
